{
  "version": "4",
  "specifiers": {
    "jsr:@hono/hono@^4.6.12": "4.6.12",
    "npm:@types/node@*": "22.5.4",
    "npm:esbuild-wasm@0.24": "0.24.0",
    "npm:mime@^4.0.4": "4.0.4",
    "npm:std-env@^3.8.0": "3.8.0",
    "npm:unenv@^1.10.0": "1.10.0",
    "npm:wasm-image-optimization-avif@*": "1.0.0",
    "npm:wasm-image-optimization-avif@1": "1.0.0"
  },
  "jsr": {
    "@hono/hono@4.6.12": {
      "integrity": "fa0b97fa7c3292f0d9957109ac07a475fe485868795b71b8e3114c284152cdb5"
    }
  },
  "npm": {
    "@types/node@22.5.4": {
      "integrity": "sha512-FDuKUJQm/ju9fT/SeX/6+gBzoPzlVCzfzmGkwKvRHQVxi4BntVbyIwf6a4Xn62mrvndLiml6z/UBXIdEVjQLXg==",
      "dependencies": [
        "undici-types"
      ]
    },
    "consola@3.2.3": {
      "integrity": "sha512-I5qxpzLv+sJhTVEoLYNcTW+bThDCPsit0vLNKShZx6rLtpilNpmmeTPaeqJb9ZE9dV3DGaeby6Vuhrw38WjeyQ=="
    },
    "defu@6.1.4": {
      "integrity": "sha512-mEQCMmwJu317oSz8CwdIOdwf3xMif1ttiM8LTufzc3g6kR+9Pe236twL8j3IYT1F7GfRgGcW6MWxzZjLIkuHIg=="
    },
    "esbuild-wasm@0.24.0": {
      "integrity": "sha512-xhNn5tL1AhkPg4ft59yXT6FkwKXiPSYyz1IeinJHUJpjvOHOIPvdmFQc0pGdjxlKSbzZc2mNmtVOWAR1EF/JAg=="
    },
    "mime@3.0.0": {
      "integrity": "sha512-jSCU7/VB1loIWBZe14aEYHU/+1UMEHoaO7qxCOVJOw9GgH72VAWppxNcjU+x9a2k3GSIBXNKxXQFqRvvZ7vr3A=="
    },
    "mime@4.0.4": {
      "integrity": "sha512-v8yqInVjhXyqP6+Kw4fV3ZzeMRqEW6FotRsKXjRS5VMTNIuXsdRoAvklpoRgSqXm6o9VNH4/C0mgedko9DdLsQ=="
    },
    "node-fetch-native@1.6.4": {
      "integrity": "sha512-IhOigYzAKHd244OC0JIMIUrjzctirCmPkaIfhDeGcEETWof5zKYUW7e7MYvChGWh/4CJeXEgsRyGzuF334rOOQ=="
    },
    "pathe@1.1.2": {
      "integrity": "sha512-whLdWMYL2TwI08hn8/ZqAbrVemu0LNaNNJZX73O6qaIdCTfXutsLhMkjdENX0qhsQ9uIimo4/aQOmXkoon2nDQ=="
    },
    "std-env@3.8.0": {
      "integrity": "sha512-Bc3YwwCB+OzldMxOXJIIvC6cPRWr/LxOp48CdQTOkPyk/t4JWWJbrilwBd7RJzKV8QW7tJkcgAmeuLLJugl5/w=="
    },
    "undici-types@6.19.8": {
      "integrity": "sha512-ve2KP6f/JnbPBFyobGHuerC9g1FYGn/F8n1LWTwNxCEzd6IfqTwUQcNXgEtmmQ6DlRrC1hrSrBnCZPokRrDHjw=="
    },
    "unenv@1.10.0": {
      "integrity": "sha512-wY5bskBQFL9n3Eca5XnhH6KbUo/tfvkwm9OpcdCvLaeA7piBNbavbOKJySEwQ1V0RH6HvNlSAFRTpvTqgKRQXQ==",
      "dependencies": [
        "consola",
        "defu",
        "mime@3.0.0",
        "node-fetch-native",
        "pathe"
      ]
    },
    "wasm-image-optimization-avif@1.0.0": {
      "integrity": "sha512-OJ0lJC61xQzKH/cpnw2GqD+86hGIRYoNDkzxOGU4oIbcJKwUmlMOH1Mt/0+iTLe8lAvcgNMlVdQM+bqWag4LtQ=="
    }
  },
  "redirects": {
    "https://unpkg.com/@ffmpeg/core@0.12.6": "https://unpkg.com/@ffmpeg/core@0.12.6/dist/umd/ffmpeg-core.js",
    "https://unpkg.com/@ffmpeg/ffmpeg@0.12.6": "https://unpkg.com/@ffmpeg/ffmpeg@0.12.6/dist/umd/ffmpeg.js",
    "https://unpkg.com/@ffmpeg/util": "https://unpkg.com/@ffmpeg/util@0.12.1",
    "https://unpkg.com/@ffmpeg/util@0.12.1": "https://unpkg.com/@ffmpeg/util@0.12.1/dist/cjs/index.js"
  },
  "remote": {
    "https://esm.sh/@ffmpeg/ffmpeg@0.12.10": "7ebcb5cb6d1dc34b23d9207e79218ecbfdcd860230c3606cd2dc6849aca73ac2",
    "https://esm.sh/v135/@ffmpeg/ffmpeg@0.12.10/denonext/ffmpeg.mjs": "29374ea84a86db1641f67ec3f298bf38a733aa01775e90bb3248787cab91e4c6",
    "https://unpkg.com/@ffmpeg/core@0.12.6/dist/umd/ffmpeg-core.js": "a34873964b0f62aec516bac75e3aa9086ec3535d4d07f0269aa94ea748b6cb71",
    "https://unpkg.com/@ffmpeg/ffmpeg@0.12.6/dist/umd/ffmpeg.js": "e7bdad44fe44d0f8fe0c269064333d4281613a0c09ac5d6a07d697120b8021a7",
    "https://unpkg.com/@ffmpeg/util@0.12.1/dist/cjs/const.js": "29e7064f9fb20a237cb62ac9e7768babed252acc47a2f6a70f343361ee7a6d91",
    "https://unpkg.com/@ffmpeg/util@0.12.1/dist/cjs/errors.js": "2f1aaccd0fc856dceae0e093005398118926dbc115d42bffff8f5f9be15204c0",
    "https://unpkg.com/@ffmpeg/util@0.12.1/dist/cjs/index.js": "fc8420a9174b9605520a7df1ab6e532225342fb4fad18e53b119d5c28f774c92"
  },
  "workspace": {
    "dependencies": [
      "jsr:@hono/hono@^4.6.12",
      "npm:esbuild-wasm@0.24",
      "npm:mime@^4.0.4",
      "npm:std-env@^3.8.0",
      "npm:unenv@^1.10.0",
      "npm:wasm-image-optimization-avif@1"
    ]
  }
}
